<?xml version="1.0" encoding="utf-8"?>
<Project ToolsVersion="4.0" xmlns="http://schemas.microsoft.com/developer/msbuild/2003">
  <ItemGroup>
    <Filter Include="Arelios">
      <UniqueIdentifier>{54D395A0-C0B2-143C-C9CA-9F1235297B9D}</UniqueIdentifier>
    </Filter>
    <Filter Include="Arelios\Events">
      <UniqueIdentifier>{B8F8791A-A4C6-6D20-8D5A-DE4679C74985}</UniqueIdentifier>
    </Filter>
    <Filter Include="Platform">
      <UniqueIdentifier>{2AC788B4-1694-E3BF-3FAD-D1672BD9184E}</UniqueIdentifier>
    </Filter>
    <Filter Include="Platform\Windows">
      <UniqueIdentifier>{64FBD71A-50F4-F66C-7926-DCF1657ED678}</UniqueIdentifier>
    </Filter>
  </ItemGroup>
  <ItemGroup>
    <ClInclude Include="src\Arelios.h" />
    <ClInclude Include="src\Arelios\Application.h">
      <Filter>Arelios</Filter>
    </ClInclude>
    <ClInclude Include="src\Arelios\Core.h">
      <Filter>Arelios</Filter>
    </ClInclude>
    <ClInclude Include="src\Arelios\EntryPoint.h">
      <Filter>Arelios</Filter>
    </ClInclude>
    <ClInclude Include="src\Arelios\Events\ApplicationEvents.h">
      <Filter>Arelios\Events</Filter>
    </ClInclude>
    <ClInclude Include="src\Arelios\Events\Events.h">
      <Filter>Arelios\Events</Filter>
    </ClInclude>
    <ClInclude Include="src\Arelios\Events\KeyEvents.h">
      <Filter>Arelios\Events</Filter>
    </ClInclude>
    <ClInclude Include="src\Arelios\Events\MouseEvents.h">
      <Filter>Arelios\Events</Filter>
    </ClInclude>
    <ClInclude Include="src\Arelios\Layer.h">
      <Filter>Arelios</Filter>
    </ClInclude>
    <ClInclude Include="src\Arelios\LayerStack.h">
      <Filter>Arelios</Filter>
    </ClInclude>
    <ClInclude Include="src\Arelios\Window.h">
      <Filter>Arelios</Filter>
    </ClInclude>
    <ClInclude Include="src\Platform\Windows\WindowsWindow.h">
      <Filter>Platform\Windows</Filter>
    </ClInclude>
    <ClInclude Include="src\areliospch.h" />
  </ItemGroup>
  <ItemGroup>
    <ClCompile Include="src\Arelios\Application.cpp">
      <Filter>Arelios</Filter>
    </ClCompile>
    <ClCompile Include="src\Arelios\Layer.cpp">
      <Filter>Arelios</Filter>
    </ClCompile>
    <ClCompile Include="src\Arelios\LayerStack.cpp">
      <Filter>Arelios</Filter>
    </ClCompile>
    <ClCompile Include="src\Platform\Windows\WindowsWindow.cpp">
      <Filter>Platform\Windows</Filter>
    </ClCompile>
    <ClCompile Include="src\areliospch.cpp" />
  </ItemGroup>
</Project>